// !$*UTF8*$!
{
	archiveVersion = 1;
	classes = {
	};
	objectVersion = 46;
	objects = {

/* Begin PBXBuildFile section */
		8008323119ED5A53004F5CA0 /* main.m in Sources */ = {isa = PBXBuildFile; fileRef = 8008323019ED5A53004F5CA0 /* main.m */; };
		8008323419ED5A53004F5CA0 /* AppDelegate.m in Sources */ = {isa = PBXBuildFile; fileRef = 8008323319ED5A53004F5CA0 /* AppDelegate.m */; };
		8008323719ED5A53004F5CA0 /* ViewController.m in Sources */ = {isa = PBXBuildFile; fileRef = 8008323619ED5A53004F5CA0 /* ViewController.m */; };
		8008323A19ED5A53004F5CA0 /* Main.storyboard in Resources */ = {isa = PBXBuildFile; fileRef = 8008323819ED5A53004F5CA0 /* Main.storyboard */; };
		8008323C19ED5A53004F5CA0 /* Images.xcassets in Resources */ = {isa = PBXBuildFile; fileRef = 8008323B19ED5A53004F5CA0 /* Images.xcassets */; };
		8008323F19ED5A53004F5CA0 /* LaunchScreen.xib in Resources */ = {isa = PBXBuildFile; fileRef = 8008323D19ED5A53004F5CA0 /* LaunchScreen.xib */; };
		8008324B19ED5A53004F5CA0 /* subtlealarmTests.m in Sources */ = {isa = PBXBuildFile; fileRef = 8008324A19ED5A53004F5CA0 /* subtlealarmTests.m */; };
		8008328319EF838B004F5CA0 /* CoreMotion.framework in Frameworks */ = {isa = PBXBuildFile; fileRef = 8008328219EF838B004F5CA0 /* CoreMotion.framework */; };
		8008328519EF858F004F5CA0 /* LocalAuthentication.framework in Frameworks */ = {isa = PBXBuildFile; fileRef = 8008328419EF858F004F5CA0 /* LocalAuthentication.framework */; };
		8008328719EF8776004F5CA0 /* Localizable.strings in Resources */ = {isa = PBXBuildFile; fileRef = 8008328619EF8776004F5CA0 /* Localizable.strings */; };
		8050025419F0BD8B00D9A897 /* AVFoundation.framework in Frameworks */ = {isa = PBXBuildFile; fileRef = 8050025319F0BD8B00D9A897 /* AVFoundation.framework */; };
		8050025619F0BD9400D9A897 /* AudioToolbox.framework in Frameworks */ = {isa = PBXBuildFile; fileRef = 8050025519F0BD9400D9A897 /* AudioToolbox.framework */; };
		8050025819F0BEAC00D9A897 /* alarm.wav in Resources */ = {isa = PBXBuildFile; fileRef = 8050025719F0BEAC00D9A897 /* alarm.wav */; };
		80819206205CFC2400F084FD /* UIColor+UIColor_Category.m in Sources */ = {isa = PBXBuildFile; fileRef = 80819205205CFC2300F084FD /* UIColor+UIColor_Category.m */; };
		80A5BFF31AA2E2B4003D5F50 /* SystemConfiguration.framework in Frameworks */ = {isa = PBXBuildFile; fileRef = 80A5BFF21AA2E2B4003D5F50 /* SystemConfiguration.framework */; };
		80A5BFF51AA2E89D003D5F50 /* StoreKit.framework in Frameworks */ = {isa = PBXBuildFile; fileRef = 80A5BFF41AA2E89D003D5F50 /* StoreKit.framework */; };
		80ADC0B219F7541E00666C25 /* ConfirmButton.m in Sources */ = {isa = PBXBuildFile; fileRef = 80ADC0B119F7541E00666C25 /* ConfirmButton.m */; };
		80ADC0B519F7D69B00666C25 /* CircleView.m in Sources */ = {isa = PBXBuildFile; fileRef = 80ADC0B419F7D69B00666C25 /* CircleView.m */; };
		A8598234324FC93F0ACD3CD3 /* libPods-subtlealarm.a in Frameworks */ = {isa = PBXBuildFile; fileRef = D390C6C08C4A27ADCA4A1C1B /* libPods-subtlealarm.a */; };
/* End PBXBuildFile section */

/* Begin PBXContainerItemProxy section */
		8008324519ED5A53004F5CA0 /* PBXContainerItemProxy */ = {
			isa = PBXContainerItemProxy;
			containerPortal = 8008322319ED5A53004F5CA0 /* Project object */;
			proxyType = 1;
			remoteGlobalIDString = 8008322A19ED5A53004F5CA0;
			remoteInfo = subtlealarm;
		};
/* End PBXContainerItemProxy section */

/* Begin PBXFileReference section */
		2F4E294CAA4E9DA0D44CB5C7 /* Pods-subtlealarm.debug.xcconfig */ = {isa = PBXFileReference; includeInIndex = 1; lastKnownFileType = text.xcconfig; name = "Pods-subtlealarm.debug.xcconfig"; path = "Pods/Target Support Files/Pods-subtlealarm/Pods-subtlealarm.debug.xcconfig"; sourceTree = "<group>"; };
		8008322B19ED5A53004F5CA0 /* subtlealarm.app */ = {isa = PBXFileReference; explicitFileType = wrapper.application; includeInIndex = 0; path = subtlealarm.app; sourceTree = BUILT_PRODUCTS_DIR; };
		8008322F19ED5A53004F5CA0 /* Info.plist */ = {isa = PBXFileReference; lastKnownFileType = text.plist.xml; path = Info.plist; sourceTree = "<group>"; };
		8008323019ED5A53004F5CA0 /* main.m */ = {isa = PBXFileReference; lastKnownFileType = sourcecode.c.objc; path = main.m; sourceTree = "<group>"; };
		8008323219ED5A53004F5CA0 /* AppDelegate.h */ = {isa = PBXFileReference; lastKnownFileType = sourcecode.c.h; path = AppDelegate.h; sourceTree = "<group>"; };
		8008323319ED5A53004F5CA0 /* AppDelegate.m */ = {isa = PBXFileReference; lastKnownFileType = sourcecode.c.objc; path = AppDelegate.m; sourceTree = "<group>"; };
		8008323519ED5A53004F5CA0 /* ViewController.h */ = {isa = PBXFileReference; lastKnownFileType = sourcecode.c.h; path = ViewController.h; sourceTree = "<group>"; };
		8008323619ED5A53004F5CA0 /* ViewController.m */ = {isa = PBXFileReference; lastKnownFileType = sourcecode.c.objc; path = ViewController.m; sourceTree = "<group>"; };
		8008323919ED5A53004F5CA0 /* Base */ = {isa = PBXFileReference; lastKnownFileType = file.storyboard; name = Base; path = Base.lproj/Main.storyboard; sourceTree = "<group>"; };
		8008323B19ED5A53004F5CA0 /* Images.xcassets */ = {isa = PBXFileReference; lastKnownFileType = folder.assetcatalog; path = Images.xcassets; sourceTree = "<group>"; };
		8008323E19ED5A53004F5CA0 /* Base */ = {isa = PBXFileReference; lastKnownFileType = file.xib; name = Base; path = Base.lproj/LaunchScreen.xib; sourceTree = "<group>"; };
		8008324419ED5A53004F5CA0 /* subtlealarmTests.xctest */ = {isa = PBXFileReference; explicitFileType = wrapper.cfbundle; includeInIndex = 0; path = subtlealarmTests.xctest; sourceTree = BUILT_PRODUCTS_DIR; };
		8008324919ED5A53004F5CA0 /* Info.plist */ = {isa = PBXFileReference; lastKnownFileType = text.plist.xml; path = Info.plist; sourceTree = "<group>"; };
		8008324A19ED5A53004F5CA0 /* subtlealarmTests.m */ = {isa = PBXFileReference; lastKnownFileType = sourcecode.c.objc; path = subtlealarmTests.m; sourceTree = "<group>"; };
		8008328219EF838B004F5CA0 /* CoreMotion.framework */ = {isa = PBXFileReference; lastKnownFileType = wrapper.framework; name = CoreMotion.framework; path = System/Library/Frameworks/CoreMotion.framework; sourceTree = SDKROOT; };
		8008328419EF858F004F5CA0 /* LocalAuthentication.framework */ = {isa = PBXFileReference; lastKnownFileType = wrapper.framework; name = LocalAuthentication.framework; path = System/Library/Frameworks/LocalAuthentication.framework; sourceTree = SDKROOT; };
		8008328619EF8776004F5CA0 /* Localizable.strings */ = {isa = PBXFileReference; fileEncoding = 4; lastKnownFileType = text.plist.strings; path = Localizable.strings; sourceTree = "<group>"; };
		8050025319F0BD8B00D9A897 /* AVFoundation.framework */ = {isa = PBXFileReference; lastKnownFileType = wrapper.framework; name = AVFoundation.framework; path = System/Library/Frameworks/AVFoundation.framework; sourceTree = SDKROOT; };
		8050025519F0BD9400D9A897 /* AudioToolbox.framework */ = {isa = PBXFileReference; lastKnownFileType = wrapper.framework; name = AudioToolbox.framework; path = System/Library/Frameworks/AudioToolbox.framework; sourceTree = SDKROOT; };
		8050025719F0BEAC00D9A897 /* alarm.wav */ = {isa = PBXFileReference; lastKnownFileType = audio.wav; path = alarm.wav; sourceTree = "<group>"; };
		80819204205CFC2300F084FD /* UIColor+UIColor_Category.h */ = {isa = PBXFileReference; lastKnownFileType = sourcecode.c.h; path = "UIColor+UIColor_Category.h"; sourceTree = "<group>"; };
		80819205205CFC2300F084FD /* UIColor+UIColor_Category.m */ = {isa = PBXFileReference; lastKnownFileType = sourcecode.c.objc; path = "UIColor+UIColor_Category.m"; sourceTree = "<group>"; };
		80A5BFF21AA2E2B4003D5F50 /* SystemConfiguration.framework */ = {isa = PBXFileReference; lastKnownFileType = wrapper.framework; name = SystemConfiguration.framework; path = System/Library/Frameworks/SystemConfiguration.framework; sourceTree = SDKROOT; };
		80A5BFF41AA2E89D003D5F50 /* StoreKit.framework */ = {isa = PBXFileReference; lastKnownFileType = wrapper.framework; name = StoreKit.framework; path = System/Library/Frameworks/StoreKit.framework; sourceTree = SDKROOT; };
		80ADC0B019F7541E00666C25 /* ConfirmButton.h */ = {isa = PBXFileReference; fileEncoding = 4; lastKnownFileType = sourcecode.c.h; path = ConfirmButton.h; sourceTree = "<group>"; };
		80ADC0B119F7541E00666C25 /* ConfirmButton.m */ = {isa = PBXFileReference; fileEncoding = 4; lastKnownFileType = sourcecode.c.objc; path = ConfirmButton.m; sourceTree = "<group>"; };
		80ADC0B319F7D69B00666C25 /* CircleView.h */ = {isa = PBXFileReference; fileEncoding = 4; lastKnownFileType = sourcecode.c.h; path = CircleView.h; sourceTree = "<group>"; };
		80ADC0B419F7D69B00666C25 /* CircleView.m */ = {isa = PBXFileReference; fileEncoding = 4; lastKnownFileType = sourcecode.c.objc; path = CircleView.m; sourceTree = "<group>"; };
		A6DF1D4D5BC8329F92671317 /* Pods-subtlealarm.release.xcconfig */ = {isa = PBXFileReference; includeInIndex = 1; lastKnownFileType = text.xcconfig; name = "Pods-subtlealarm.release.xcconfig"; path = "Pods/Target Support Files/Pods-subtlealarm/Pods-subtlealarm.release.xcconfig"; sourceTree = "<group>"; };
		D390C6C08C4A27ADCA4A1C1B /* libPods-subtlealarm.a */ = {isa = PBXFileReference; explicitFileType = archive.ar; includeInIndex = 0; path = "libPods-subtlealarm.a"; sourceTree = BUILT_PRODUCTS_DIR; };
/* End PBXFileReference section */

/* Begin PBXFrameworksBuildPhase section */
		8008322819ED5A53004F5CA0 /* Frameworks */ = {
			isa = PBXFrameworksBuildPhase;
			buildActionMask = 2147483647;
			files = (
				80A5BFF31AA2E2B4003D5F50 /* SystemConfiguration.framework in Frameworks */,
				8050025619F0BD9400D9A897 /* AudioToolbox.framework in Frameworks */,
				8050025419F0BD8B00D9A897 /* AVFoundation.framework in Frameworks */,
				80A5BFF51AA2E89D003D5F50 /* StoreKit.framework in Frameworks */,
				8008328519EF858F004F5CA0 /* LocalAuthentication.framework in Frameworks */,
				8008328319EF838B004F5CA0 /* CoreMotion.framework in Frameworks */,
				A8598234324FC93F0ACD3CD3 /* libPods-subtlealarm.a in Frameworks */,
			);
			runOnlyForDeploymentPostprocessing = 0;
		};
		8008324119ED5A53004F5CA0 /* Frameworks */ = {
			isa = PBXFrameworksBuildPhase;
			buildActionMask = 2147483647;
			files = (
			);
			runOnlyForDeploymentPostprocessing = 0;
		};
/* End PBXFrameworksBuildPhase section */

/* Begin PBXGroup section */
		14690B4E441216AAF3FC5F03 /* Pods */ = {
			isa = PBXGroup;
			children = (
				2F4E294CAA4E9DA0D44CB5C7 /* Pods-subtlealarm.debug.xcconfig */,
				A6DF1D4D5BC8329F92671317 /* Pods-subtlealarm.release.xcconfig */,
			);
			name = Pods;
			sourceTree = "<group>";
		};
		8008322219ED5A53004F5CA0 = {
			isa = PBXGroup;
			children = (
				8008322D19ED5A53004F5CA0 /* subtlealarm */,
				8008324719ED5A53004F5CA0 /* subtlealarmTests */,
				8008322C19ED5A53004F5CA0 /* Products */,
				14690B4E441216AAF3FC5F03 /* Pods */,
				8295AF8FB1A5730E5A3AB282 /* Frameworks */,
			);
			sourceTree = "<group>";
		};
		8008322C19ED5A53004F5CA0 /* Products */ = {
			isa = PBXGroup;
			children = (
				8008322B19ED5A53004F5CA0 /* subtlealarm.app */,
				8008324419ED5A53004F5CA0 /* subtlealarmTests.xctest */,
			);
			name = Products;
			sourceTree = "<group>";
		};
		8008322D19ED5A53004F5CA0 /* subtlealarm */ = {
			isa = PBXGroup;
			children = (
				8008323219ED5A53004F5CA0 /* AppDelegate.h */,
				8008323319ED5A53004F5CA0 /* AppDelegate.m */,
				8008323519ED5A53004F5CA0 /* ViewController.h */,
				8008323619ED5A53004F5CA0 /* ViewController.m */,
				8008323819ED5A53004F5CA0 /* Main.storyboard */,
				8008323B19ED5A53004F5CA0 /* Images.xcassets */,
				8008323D19ED5A53004F5CA0 /* LaunchScreen.xib */,
				80ADC0B019F7541E00666C25 /* ConfirmButton.h */,
				80ADC0B119F7541E00666C25 /* ConfirmButton.m */,
				80ADC0B319F7D69B00666C25 /* CircleView.h */,
				80ADC0B419F7D69B00666C25 /* CircleView.m */,
				8008322E19ED5A53004F5CA0 /* Supporting Files */,
				80819204205CFC2300F084FD /* UIColor+UIColor_Category.h */,
				80819205205CFC2300F084FD /* UIColor+UIColor_Category.m */,
			);
			path = subtlealarm;
			sourceTree = "<group>";
		};
		8008322E19ED5A53004F5CA0 /* Supporting Files */ = {
			isa = PBXGroup;
			children = (
				8050025719F0BEAC00D9A897 /* alarm.wav */,
				8008328619EF8776004F5CA0 /* Localizable.strings */,
				8008322F19ED5A53004F5CA0 /* Info.plist */,
				8008323019ED5A53004F5CA0 /* main.m */,
			);
			name = "Supporting Files";
			sourceTree = "<group>";
		};
		8008324719ED5A53004F5CA0 /* subtlealarmTests */ = {
			isa = PBXGroup;
			children = (
				8008324A19ED5A53004F5CA0 /* subtlealarmTests.m */,
				8008324819ED5A53004F5CA0 /* Supporting Files */,
			);
			path = subtlealarmTests;
			sourceTree = "<group>";
		};
		8008324819ED5A53004F5CA0 /* Supporting Files */ = {
			isa = PBXGroup;
			children = (
				8008324919ED5A53004F5CA0 /* Info.plist */,
			);
			name = "Supporting Files";
			sourceTree = "<group>";
		};
		8295AF8FB1A5730E5A3AB282 /* Frameworks */ = {
			isa = PBXGroup;
			children = (
				80A5BFF41AA2E89D003D5F50 /* StoreKit.framework */,
				80A5BFF21AA2E2B4003D5F50 /* SystemConfiguration.framework */,
				8050025519F0BD9400D9A897 /* AudioToolbox.framework */,
				8050025319F0BD8B00D9A897 /* AVFoundation.framework */,
				8008328419EF858F004F5CA0 /* LocalAuthentication.framework */,
				8008328219EF838B004F5CA0 /* CoreMotion.framework */,
				D390C6C08C4A27ADCA4A1C1B /* libPods-subtlealarm.a */,
			);
			name = Frameworks;
			sourceTree = "<group>";
		};
/* End PBXGroup section */

/* Begin PBXNativeTarget section */
		8008322A19ED5A53004F5CA0 /* subtlealarm */ = {
			isa = PBXNativeTarget;
			buildConfigurationList = 8008324E19ED5A53004F5CA0 /* Build configuration list for PBXNativeTarget "subtlealarm" */;
			buildPhases = (
				D5126A541EA8CC2BED8D8B0A /* Check Pods Manifest.lock */,
				8008322719ED5A53004F5CA0 /* Sources */,
				8008322819ED5A53004F5CA0 /* Frameworks */,
				8008322919ED5A53004F5CA0 /* Resources */,
				DCAC7D9FDFF6D6DD98AF1A35 /* Copy Pods Resources */,
			);
			buildRules = (
			);
			dependencies = (
			);
			name = subtlealarm;
			productName = subtlealarm;
			productReference = 8008322B19ED5A53004F5CA0 /* subtlealarm.app */;
			productType = "com.apple.product-type.application";
		};
		8008324319ED5A53004F5CA0 /* subtlealarmTests */ = {
			isa = PBXNativeTarget;
			buildConfigurationList = 8008325119ED5A53004F5CA0 /* Build configuration list for PBXNativeTarget "subtlealarmTests" */;
			buildPhases = (
				8008324019ED5A53004F5CA0 /* Sources */,
				8008324119ED5A53004F5CA0 /* Frameworks */,
				8008324219ED5A53004F5CA0 /* Resources */,
			);
			buildRules = (
			);
			dependencies = (
				8008324619ED5A53004F5CA0 /* PBXTargetDependency */,
			);
			name = subtlealarmTests;
			productName = subtlealarmTests;
			productReference = 8008324419ED5A53004F5CA0 /* subtlealarmTests.xctest */;
			productType = "com.apple.product-type.bundle.unit-test";
		};
/* End PBXNativeTarget section */

/* Begin PBXProject section */
		8008322319ED5A53004F5CA0 /* Project object */ = {
			isa = PBXProject;
			attributes = {
				LastUpgradeCheck = 0920;
				ORGANIZATIONNAME = "Jinah Adam";
				TargetAttributes = {
					8008322A19ED5A53004F5CA0 = {
						CreatedOnToolsVersion = 6.0;
						DevelopmentTeam = MWPM7V4LD5;
						SystemCapabilities = {
							com.apple.BackgroundModes = {
								enabled = 1;
							};
							com.apple.InAppPurchase = {
								enabled = 1;
							};
						};
					};
					8008324319ED5A53004F5CA0 = {
						CreatedOnToolsVersion = 6.0;
						TestTargetID = 8008322A19ED5A53004F5CA0;
					};
				};
			};
			buildConfigurationList = 8008322619ED5A53004F5CA0 /* Build configuration list for PBXProject "subtlealarm" */;
			compatibilityVersion = "Xcode 3.2";
			developmentRegion = English;
			hasScannedForEncodings = 0;
			knownRegions = (
				en,
				Base,
			);
			mainGroup = 8008322219ED5A53004F5CA0;
			productRefGroup = 8008322C19ED5A53004F5CA0 /* Products */;
			projectDirPath = "";
			projectRoot = "";
			targets = (
				8008322A19ED5A53004F5CA0 /* subtlealarm */,
				8008324319ED5A53004F5CA0 /* subtlealarmTests */,
			);
		};
/* End PBXProject section */

/* Begin PBXResourcesBuildPhase section */
		8008322919ED5A53004F5CA0 /* Resources */ = {
			isa = PBXResourcesBuildPhase;
			buildActionMask = 2147483647;
			files = (
				8050025819F0BEAC00D9A897 /* alarm.wav in Resources */,
				8008323A19ED5A53004F5CA0 /* Main.storyboard in Resources */,
				8008328719EF8776004F5CA0 /* Localizable.strings in Resources */,
				8008323F19ED5A53004F5CA0 /* LaunchScreen.xib in Resources */,
				8008323C19ED5A53004F5CA0 /* Images.xcassets in Resources */,
			);
			runOnlyForDeploymentPostprocessing = 0;
		};
		8008324219ED5A53004F5CA0 /* Resources */ = {
			isa = PBXResourcesBuildPhase;
			buildActionMask = 2147483647;
			files = (
			);
			runOnlyForDeploymentPostprocessing = 0;
		};
/* End PBXResourcesBuildPhase section */

/* Begin PBXShellScriptBuildPhase section */
		D5126A541EA8CC2BED8D8B0A /* Check Pods Manifest.lock */ = {
			isa = PBXShellScriptBuildPhase;
			buildActionMask = 2147483647;
			files = (
			);
			inputPaths = (
			);
			name = "Check Pods Manifest.lock";
			outputPaths = (
			);
			runOnlyForDeploymentPostprocessing = 0;
			shellPath = /bin/sh;
			shellScript = "diff \"${PODS_ROOT}/../Podfile.lock\" \"${PODS_ROOT}/Manifest.lock\" > /dev/null\nif [[ $? != 0 ]] ; then\n    cat << EOM\nerror: The sandbox is not in sync with the Podfile.lock. Run 'pod install' or update your CocoaPods installation.\nEOM\n    exit 1\nfi\n";
			showEnvVarsInLog = 0;
		};
		DCAC7D9FDFF6D6DD98AF1A35 /* Copy Pods Resources */ = {
			isa = PBXShellScriptBuildPhase;
			buildActionMask = 2147483647;
			files = (
			);
			inputPaths = (
			);
			name = "Copy Pods Resources";
			outputPaths = (
			);
			runOnlyForDeploymentPostprocessing = 0;
			shellPath = /bin/sh;
			shellScript = "\"${SRCROOT}/Pods/Target Support Files/Pods-subtlealarm/Pods-subtlealarm-resources.sh\"\n";
			showEnvVarsInLog = 0;
		};
/* End PBXShellScriptBuildPhase section */

/* Begin PBXSourcesBuildPhase section */
		8008322719ED5A53004F5CA0 /* Sources */ = {
			isa = PBXSourcesBuildPhase;
			buildActionMask = 2147483647;
			files = (
				80ADC0B219F7541E00666C25 /* ConfirmButton.m in Sources */,
				80ADC0B519F7D69B00666C25 /* CircleView.m in Sources */,
				8008323719ED5A53004F5CA0 /* ViewController.m in Sources */,
				80819206205CFC2400F084FD /* UIColor+UIColor_Category.m in Sources */,
				8008323419ED5A53004F5CA0 /* AppDelegate.m in Sources */,
				8008323119ED5A53004F5CA0 /* main.m in Sources */,
			);
			runOnlyForDeploymentPostprocessing = 0;
		};
		8008324019ED5A53004F5CA0 /* Sources */ = {
			isa = PBXSourcesBuildPhase;
			buildActionMask = 2147483647;
			files = (
				8008324B19ED5A53004F5CA0 /* subtlealarmTests.m in Sources */,
			);
			runOnlyForDeploymentPostprocessing = 0;
		};
/* End PBXSourcesBuildPhase section */

/* Begin PBXTargetDependency section */
		8008324619ED5A53004F5CA0 /* PBXTargetDependency */ = {
			isa = PBXTargetDependency;
			target = 8008322A19ED5A53004F5CA0 /* subtlealarm */;
			targetProxy = 8008324519ED5A53004F5CA0 /* PBXContainerItemProxy */;
		};
/* End PBXTargetDependency section */

/* Begin PBXVariantGroup section */
		8008323819ED5A53004F5CA0 /* Main.storyboard */ = {
			isa = PBXVariantGroup;
			children = (
				8008323919ED5A53004F5CA0 /* Base */,
			);
			name = Main.storyboard;
			sourceTree = "<group>";
		};
		8008323D19ED5A53004F5CA0 /* LaunchScreen.xib */ = {
			isa = PBXVariantGroup;
			children = (
				8008323E19ED5A53004F5CA0 /* Base */,
			);
			name = LaunchScreen.xib;
			sourceTree = "<group>";
		};
/* End PBXVariantGroup section */

/* Begin XCBuildConfiguration section */
		8008324C19ED5A53004F5CA0 /* Debug */ = {
			isa = XCBuildConfiguration;
			buildSettings = {
				ALWAYS_SEARCH_USER_PATHS = NO;
				CLANG_CXX_LANGUAGE_STANDARD = "gnu++0x";
				CLANG_CXX_LIBRARY = "libc++";
				CLANG_ENABLE_MODULES = YES;
				CLANG_ENABLE_OBJC_ARC = YES;
				CLANG_WARN_BLOCK_CAPTURE_AUTORELEASING = YES;
				CLANG_WARN_BOOL_CONVERSION = YES;
				CLANG_WARN_COMMA = YES;
				CLANG_WARN_CONSTANT_CONVERSION = YES;
				CLANG_WARN_DIRECT_OBJC_ISA_USAGE = YES_ERROR;
				CLANG_WARN_EMPTY_BODY = YES;
				CLANG_WARN_ENUM_CONVERSION = YES;
				CLANG_WARN_INFINITE_RECURSION = YES;
				CLANG_WARN_INT_CONVERSION = YES;
				CLANG_WARN_NON_LITERAL_NULL_CONVERSION = YES;
				CLANG_WARN_OBJC_LITERAL_CONVERSION = YES;
				CLANG_WARN_OBJC_ROOT_CLASS = YES_ERROR;
				CLANG_WARN_RANGE_LOOP_ANALYSIS = YES;
				CLANG_WARN_STRICT_PROTOTYPES = YES;
				CLANG_WARN_SUSPICIOUS_MOVE = YES;
				CLANG_WARN_UNREACHABLE_CODE = YES;
				CLANG_WARN__DUPLICATE_METHOD_MATCH = YES;
				"CODE_SIGN_IDENTITY[sdk=iphoneos*]" = "iPhone Developer";
				COPY_PHASE_STRIP = NO;
				ENABLE_STRICT_OBJC_MSGSEND = YES;
				ENABLE_TESTABILITY = YES;
				GCC_C_LANGUAGE_STANDARD = gnu99;
				GCC_DYNAMIC_NO_PIC = NO;
				GCC_NO_COMMON_BLOCKS = YES;
				GCC_OPTIMIZATION_LEVEL = 0;
				GCC_PREPROCESSOR_DEFINITIONS = (
					"DEBUG=1",
					"$(inherited)",
				);
				GCC_SYMBOLS_PRIVATE_EXTERN = NO;
				GCC_WARN_64_TO_32_BIT_CONVERSION = YES;
				GCC_WARN_ABOUT_RETURN_TYPE = YES_ERROR;
				GCC_WARN_UNDECLARED_SELECTOR = YES;
				GCC_WARN_UNINITIALIZED_AUTOS = YES_AGGRESSIVE;
				GCC_WARN_UNUSED_FUNCTION = YES;
				GCC_WARN_UNUSED_VARIABLE = YES;
				IPHONEOS_DEPLOYMENT_TARGET = 8.0;
				MTL_ENABLE_DEBUG_INFO = YES;
				ONLY_ACTIVE_ARCH = YES;
				PRECOMPS_INCLUDE_HEADERS_FROM_BUILT_PRODUCTS_DIR = YES;
				SDKROOT = iphoneos;
			};
			name = Debug;
		};
		8008324D19ED5A53004F5CA0 /* Release */ = {
			isa = XCBuildConfiguration;
			buildSettings = {
				ALWAYS_SEARCH_USER_PATHS = NO;
				CLANG_CXX_LANGUAGE_STANDARD = "gnu++0x";
				CLANG_CXX_LIBRARY = "libc++";
				CLANG_ENABLE_MODULES = YES;
				CLANG_ENABLE_OBJC_ARC = YES;
				CLANG_WARN_BLOCK_CAPTURE_AUTORELEASING = YES;
				CLANG_WARN_BOOL_CONVERSION = YES;
				CLANG_WARN_COMMA = YES;
				CLANG_WARN_CONSTANT_CONVERSION = YES;
				CLANG_WARN_DIRECT_OBJC_ISA_USAGE = YES_ERROR;
				CLANG_WARN_EMPTY_BODY = YES;
				CLANG_WARN_ENUM_CONVERSION = YES;
				CLANG_WARN_INFINITE_RECURSION = YES;
				CLANG_WARN_INT_CONVERSION = YES;
				CLANG_WARN_NON_LITERAL_NULL_CONVERSION = YES;
				CLANG_WARN_OBJC_LITERAL_CONVERSION = YES;
				CLANG_WARN_OBJC_ROOT_CLASS = YES_ERROR;
				CLANG_WARN_RANGE_LOOP_ANALYSIS = YES;
				CLANG_WARN_STRICT_PROTOTYPES = YES;
				CLANG_WARN_SUSPICIOUS_MOVE = YES;
				CLANG_WARN_UNREACHABLE_CODE = YES;
				CLANG_WARN__DUPLICATE_METHOD_MATCH = YES;
				"CODE_SIGN_IDENTITY[sdk=iphoneos*]" = "iPhone Developer";
				COPY_PHASE_STRIP = YES;
				ENABLE_NS_ASSERTIONS = NO;
				ENABLE_STRICT_OBJC_MSGSEND = YES;
				GCC_C_LANGUAGE_STANDARD = gnu99;
				GCC_NO_COMMON_BLOCKS = YES;
				GCC_WARN_64_TO_32_BIT_CONVERSION = YES;
				GCC_WARN_ABOUT_RETURN_TYPE = YES_ERROR;
				GCC_WARN_UNDECLARED_SELECTOR = YES;
				GCC_WARN_UNINITIALIZED_AUTOS = YES_AGGRESSIVE;
				GCC_WARN_UNUSED_FUNCTION = YES;
				GCC_WARN_UNUSED_VARIABLE = YES;
				IPHONEOS_DEPLOYMENT_TARGET = 8.0;
				MTL_ENABLE_DEBUG_INFO = NO;
				PRECOMPS_INCLUDE_HEADERS_FROM_BUILT_PRODUCTS_DIR = YES;
				SDKROOT = iphoneos;
				VALIDATE_PRODUCT = YES;
			};
			name = Release;
		};
		8008324F19ED5A53004F5CA0 /* Debug */ = {
			isa = XCBuildConfiguration;
			baseConfigurationReference = 2F4E294CAA4E9DA0D44CB5C7 /* Pods-subtlealarm.debug.xcconfig */;
			buildSettings = {
				ASSETCATALOG_COMPILER_APPICON_NAME = AppIcon;
				CODE_SIGN_IDENTITY = "iPhone Developer";
				"CODE_SIGN_IDENTITY[sdk=iphoneos*]" = "iPhone Developer";
				INFOPLIST_FILE = subtlealarm/Info.plist;
				IPHONEOS_DEPLOYMENT_TARGET = 8.0;
				LD_RUNPATH_SEARCH_PATHS = "$(inherited) @executable_path/Frameworks";
				LIBRARY_SEARCH_PATHS = "$(inherited)";
				PRECOMPS_INCLUDE_HEADERS_FROM_BUILT_PRODUCTS_DIR = YES;
				PRODUCT_BUNDLE_IDENTIFIER = "com.jinahadam.$(PRODUCT_NAME:rfc1034identifier)";
				PRODUCT_NAME = "$(TARGET_NAME)";
				PROVISIONING_PROFILE = "";
				TARGETED_DEVICE_FAMILY = "1,2";
			};
			name = Debug;
		};
		8008325019ED5A53004F5CA0 /* Release */ = {
			isa = XCBuildConfiguration;
			baseConfigurationReference = A6DF1D4D5BC8329F92671317 /* Pods-subtlealarm.release.xcconfig */;
			buildSettings = {
				ASSETCATALOG_COMPILER_APPICON_NAME = AppIcon;
				CODE_SIGN_IDENTITY = "iPhone Developer";
				"CODE_SIGN_IDENTITY[sdk=iphoneos*]" = "iPhone Developer";
				INFOPLIST_FILE = subtlealarm/Info.plist;
				IPHONEOS_DEPLOYMENT_TARGET = 8.0;
				LD_RUNPATH_SEARCH_PATHS = "$(inherited) @executable_path/Frameworks";
				LIBRARY_SEARCH_PATHS = "$(inherited)";
				PRECOMPS_INCLUDE_HEADERS_FROM_BUILT_PRODUCTS_DIR = YES;
				PRODUCT_BUNDLE_IDENTIFIER = "com.jinahadam.$(PRODUCT_NAME:rfc1034identifier)";
				PRODUCT_NAME = "$(TARGET_NAME)";
				PROVISIONING_PROFILE = "";
				TARGETED_DEVICE_FAMILY = "1,2";
			};
			name = Release;
		};
		8008325219ED5A53004F5CA0 /* Debug */ = {
			isa = XCBuildConfiguration;
			buildSettings = {
				BUNDLE_LOADER = "$(TEST_HOST)";
				FRAMEWORK_SEARCH_PATHS = (
					"$(SDKROOT)/Developer/Library/Frameworks",
					"$(inherited)",
				);
				GCC_PREPROCESSOR_DEFINITIONS = (
					"DEBUG=1",
					"$(inherited)",
				);
				INFOPLIST_FILE = subtlealarmTests/Info.plist;
				LD_RUNPATH_SEARCH_PATHS = "$(inherited) @executable_path/Frameworks @loader_path/Frameworks";
				PRODUCT_BUNDLE_IDENTIFIER = "com.jinahadam.$(PRODUCT_NAME:rfc1034identifier)";
				PRODUCT_NAME = "$(TARGET_NAME)";
				TEST_HOST = "$(BUILT_PRODUCTS_DIR)/subtlealarm.app/subtlealarm";
			};
			name = Debug;
		};
		8008325319ED5A53004F5CA0 /* Release */ = {
			isa = XCBuildConfiguration;
			buildSettings = {
				BUNDLE_LOADER = "$(TEST_HOST)";
				FRAMEWORK_SEARCH_PATHS = (
					"$(SDKROOT)/Developer/Library/Frameworks",
					"$(inherited)",
				);
				INFOPLIST_FILE = subtlealarmTests/Info.plist;
				LD_RUNPATH_SEARCH_PATHS = "$(inherited) @executable_path/Frameworks @loader_path/Frameworks";
				PRODUCT_BUNDLE_IDENTIFIER = "com.jinahadam.$(PRODUCT_NAME:rfc1034identifier)";
				PRODUCT_NAME = "$(TARGET_NAME)";
				TEST_HOST = "$(BUILT_PRODUCTS_DIR)/subtlealarm.app/subtlealarm";
			};
			name = Release;
		};
/* End XCBuildConfiguration section */

/* Begin XCConfigurationList section */
		8008322619ED5A53004F5CA0 /* Build configuration list for PBXProject "subtlealarm" */ = {
			isa = XCConfigurationList;
			buildConfigurations = (
				8008324C19ED5A53004F5CA0 /* Debug */,
				8008324D19ED5A53004F5CA0 /* Release */,
			);
			defaultConfigurationIsVisible = 0;
			defaultConfigurationName = Release;
		};
		8008324E19ED5A53004F5CA0 /* Build configuration list for PBXNativeTarget "subtlealarm" */ = {
			isa = XCConfigurationList;
			buildConfigurations = (
				8008324F19ED5A53004F5CA0 /* Debug */,
				8008325019ED5A53004F5CA0 /* Release */,
			);
			defaultConfigurationIsVisible = 0;
			defaultConfigurationName = Release;
		};
		8008325119ED5A53004F5CA0 /* Build configuration list for PBXNativeTarget "subtlealarmTests" */ = {
			isa = XCConfigurationList;
			buildConfigurations = (
				8008325219ED5A53004F5CA0 /* Debug */,
				8008325319ED5A53004F5CA0 /* Release */,
			);
			defaultConfigurationIsVisible = 0;
			defaultConfigurationName = Release;
		};
/* End XCConfigurationList section */
	};
	rootObject = 8008322319ED5A53004F5CA0 /* Project object */;
}
